
Microsoft Visual Studio Solution File, Format Version 12.00
# Visual Studio 15
VisualStudioVersion = 15.0.34112.143
MinimumVisualStudioVersion = 10.0.40219.1
Project("{FAE04EC0-301F-11D3-BF4B-00C04F79EFBC}") = "Functions_and_methods", "Functions_and_methods\Functions_and_methods.csproj", "{F378B060-D69A-4896-A0B9-E4A9937ACB17}"
EndProject
Project("{FAE04EC0-301F-11D3-BF4B-00C04F79EFBC}") = "Datatypes_and_Variables", "Datatypes_and_Variables\Datatypes_and_Variables.csproj", "{C2C8E33F-732C-4BB7-A9B9-3704115DAB1B}"
EndProject
Project("{FAE04EC0-301F-11D3-BF4B-00C04F79EFBC}") = "Making_Decisions", "Making_Decisions\Making_Decisions.csproj", "{32F5A07E-E019-4614-98F6-4439E1173F8D}"
EndProject
Project("{FAE04EC0-301F-11D3-BF4B-00C04F79EFBC}") = "Loops", "Loops\Loops.csproj", "{99FE3993-CBDD-4EC6-9CEA-31DB5EED541B}"
EndProject
Project("{FAE04EC0-301F-11D3-BF4B-00C04F79EFBC}") = "OOPs", "OOPs\OOPs.csproj", "{4E8EEC28-633B-4127-A8C6-3B4E24878F84}"
EndProject
Project("{FAE04EC0-301F-11D3-BF4B-00C04F79EFBC}") = "Write_your_first_c_sharp_method", "Write_your_first_c_sharp_method\Write_your_first_c_sharp_method.csproj", "{3D1D3D90-EF66-498E-9434-37A18A949C9D}"
EndProject
Global
	GlobalSection(SolutionConfigurationPlatforms) = preSolution
		Debug|Any CPU = Debug|Any CPU
		Release|Any CPU = Release|Any CPU
	EndGlobalSection
	GlobalSection(ProjectConfigurationPlatforms) = postSolution
		{F378B060-D69A-4896-A0B9-E4A9937ACB17}.Debug|Any CPU.ActiveCfg = Debug|Any CPU
		{F378B060-D69A-4896-A0B9-E4A9937ACB17}.Debug|Any CPU.Build.0 = Debug|Any CPU
		{F378B060-D69A-4896-A0B9-E4A9937ACB17}.Release|Any CPU.ActiveCfg = Release|Any CPU
		{F378B060-D69A-4896-A0B9-E4A9937ACB17}.Release|Any CPU.Build.0 = Release|Any CPU
		{C2C8E33F-732C-4BB7-A9B9-3704115DAB1B}.Debug|Any CPU.ActiveCfg = Debug|Any CPU
		{C2C8E33F-732C-4BB7-A9B9-3704115DAB1B}.Debug|Any CPU.Build.0 = Debug|Any CPU
		{C2C8E33F-732C-4BB7-A9B9-3704115DAB1B}.Release|Any CPU.ActiveCfg = Release|Any CPU
		{C2C8E33F-732C-4BB7-A9B9-3704115DAB1B}.Release|Any CPU.Build.0 = Release|Any CPU
		{32F5A07E-E019-4614-98F6-4439E1173F8D}.Debug|Any CPU.ActiveCfg = Debug|Any CPU
		{32F5A07E-E019-4614-98F6-4439E1173F8D}.Debug|Any CPU.Build.0 = Debug|Any CPU
		{32F5A07E-E019-4614-98F6-4439E1173F8D}.Release|Any CPU.ActiveCfg = Release|Any CPU
		{32F5A07E-E019-4614-98F6-4439E1173F8D}.Release|Any CPU.Build.0 = Release|Any CPU
		{99FE3993-CBDD-4EC6-9CEA-31DB5EED541B}.Debug|Any CPU.ActiveCfg = Debug|Any CPU
		{99FE3993-CBDD-4EC6-9CEA-31DB5EED541B}.Debug|Any CPU.Build.0 = Debug|Any CPU
		{99FE3993-CBDD-4EC6-9CEA-31DB5EED541B}.Release|Any CPU.ActiveCfg = Release|Any CPU
		{99FE3993-CBDD-4EC6-9CEA-31DB5EED541B}.Release|Any CPU.Build.0 = Release|Any CPU
		{4E8EEC28-633B-4127-A8C6-3B4E24878F84}.Debug|Any CPU.ActiveCfg = Debug|Any CPU
		{4E8EEC28-633B-4127-A8C6-3B4E24878F84}.Debug|Any CPU.Build.0 = Debug|Any CPU
		{4E8EEC28-633B-4127-A8C6-3B4E24878F84}.Release|Any CPU.ActiveCfg = Release|Any CPU
		{4E8EEC28-633B-4127-A8C6-3B4E24878F84}.Release|Any CPU.Build.0 = Release|Any CPU
		{3D1D3D90-EF66-498E-9434-37A18A949C9D}.Debug|Any CPU.ActiveCfg = Debug|Any CPU
		{3D1D3D90-EF66-498E-9434-37A18A949C9D}.Debug|Any CPU.Build.0 = Debug|Any CPU
		{3D1D3D90-EF66-498E-9434-37A18A949C9D}.Release|Any CPU.ActiveCfg = Release|Any CPU
		{3D1D3D90-EF66-498E-9434-37A18A949C9D}.Release|Any CPU.Build.0 = Release|Any CPU
	EndGlobalSection
	GlobalSection(SolutionProperties) = preSolution
		HideSolutionNode = FALSE
	EndGlobalSection
	GlobalSection(ExtensibilityGlobals) = postSolution
		SolutionGuid = {0F8DA289-8D34-460C-B5CE-D258185B7806}
	EndGlobalSection
EndGlobal
