
Microsoft Visual Studio Solution File, Format Version 12.00
# Visual Studio 15
VisualStudioVersion = 15.0.34112.143
MinimumVisualStudioVersion = 10.0.40219.1
Project("{FAE04EC0-301F-11D3-BF4B-00C04F79EFBC}") = "Datatypes_and_variables", "HelloWorld\Datatypes_and_variables.csproj", "{5E4D05CE-7BCD-4145-8074-B02937912DC5}"
EndProject
Project("{FAE04EC0-301F-11D3-BF4B-00C04F79EFBC}") = "Functions_and_methods", "Functions_and_methods\Functions_and_methods.csproj", "{F378B060-D69A-4896-A0B9-E4A9937ACB17}"
EndProject
Global
	GlobalSection(SolutionConfigurationPlatforms) = preSolution
		Debug|Any CPU = Debug|Any CPU
		Release|Any CPU = Release|Any CPU
	EndGlobalSection
	GlobalSection(ProjectConfigurationPlatforms) = postSolution
		{5E4D05CE-7BCD-4145-8074-B02937912DC5}.Debug|Any CPU.ActiveCfg = Debug|Any CPU
		{5E4D05CE-7BCD-4145-8074-B02937912DC5}.Debug|Any CPU.Build.0 = Debug|Any CPU
		{5E4D05CE-7BCD-4145-8074-B02937912DC5}.Release|Any CPU.ActiveCfg = Release|Any CPU
		{5E4D05CE-7BCD-4145-8074-B02937912DC5}.Release|Any CPU.Build.0 = Release|Any CPU
		{F378B060-D69A-4896-A0B9-E4A9937ACB17}.Debug|Any CPU.ActiveCfg = Debug|Any CPU
		{F378B060-D69A-4896-A0B9-E4A9937ACB17}.Debug|Any CPU.Build.0 = Debug|Any CPU
		{F378B060-D69A-4896-A0B9-E4A9937ACB17}.Release|Any CPU.ActiveCfg = Release|Any CPU
		{F378B060-D69A-4896-A0B9-E4A9937ACB17}.Release|Any CPU.Build.0 = Release|Any CPU
	EndGlobalSection
	GlobalSection(SolutionProperties) = preSolution
		HideSolutionNode = FALSE
	EndGlobalSection
	GlobalSection(ExtensibilityGlobals) = postSolution
		SolutionGuid = {0F8DA289-8D34-460C-B5CE-D258185B7806}
	EndGlobalSection
EndGlobal
